
Microsoft Visual Studio Solution File, Format Version 12.00
# Visual Studio Version 17
VisualStudioVersion = 17.7.34009.444
MinimumVisualStudioVersion = 10.0.40219.1
Project("{FAE04EC0-301F-11D3-BF4B-00C04F79EFBC}") = "Edithtour", "Edithtour\Edithtour.csproj", "{94AC2EE8-3580-4340-9D65-882B5BC7EB63}"
EndProject
Global
	GlobalSection(SolutionConfigurationPlatforms) = preSolution
		Debug|Any CPU = Debug|Any CPU
		Release|Any CPU = Release|Any CPU
	EndGlobalSection
	GlobalSection(ProjectConfigurationPlatforms) = postSolution
		{94AC2EE8-3580-4340-9D65-882B5BC7EB63}.Debug|Any CPU.ActiveCfg = Debug|Any CPU
		{94AC2EE8-3580-4340-9D65-882B5BC7EB63}.Debug|Any CPU.Build.0 = Debug|Any CPU
		{94AC2EE8-3580-4340-9D65-882B5BC7EB63}.Release|Any CPU.ActiveCfg = Release|Any CPU
		{94AC2EE8-3580-4340-9D65-882B5BC7EB63}.Release|Any CPU.Build.0 = Release|Any CPU
	EndGlobalSection
	GlobalSection(SolutionProperties) = preSolution
		HideSolutionNode = FALSE
	EndGlobalSection
	GlobalSection(ExtensibilityGlobals) = postSolution
		SolutionGuid = {A0797B48-22AB-449A-9CA1-8EE5776B8816}
	EndGlobalSection
EndGlobal
